# This file is automatically @generated by Cargo.
# It is not intended for manual editing.
version = 3

[[package]]
name = "app"
version = "1.0.0"
dependencies = [
 "sgx_types",
 "sgx_urts",
]

[[package]]
name = "libc"
version = "0.2.147"
source = "registry+https://github.com/rust-lang/crates.io-index"
checksum = "b4668fb0ea861c1df094127ac5f1da3409a82116a4ba74fca2e58ef927159bb3"

[[package]]
name = "sgx_types"
version = "1.1.6"
source = "git+https://github.com/apache/incubator-teaclave-sgx-sdk?branch=v1.1.6-testing#9c1bbd52f188f600a212b57c916124245da1b7fd"

[[package]]
name = "sgx_urts"
version = "1.1.6"
source = "git+https://github.com/apache/teaclave-sgx-sdk.git?rev=v1.1.6#c3d82372dff81e5bafb07f71bc8ad532d06b504e"
dependencies = [
 "libc",
 "sgx_types",
]

[[patch.unused]]
name = "env_logger"
version = "0.9.0"
source = "git+https://github.com/integritee-network/env_logger-sgx#55745829b2ae8a77f0915af3671ec8a9a00cace9"

[[patch.unused]]
name = "getrandom"
version = "0.2.3"
source = "git+https://github.com/integritee-network/getrandom-sgx?branch=update-v2.3#0a4af01fe1df0e6200192e7a709fd18da413466e"

[[patch.unused]]
name = "log"
version = "0.4.17"
source = "git+https://github.com/integritee-network/log-sgx#483383a9be3e2e900042eef9b6b2d0837411783f"

[[patch.unused]]
name = "sp-io"
version = "7.0.0"
source = "git+https://github.com/integritee-network/worker.git?rev=d3b6371613e2470ab5680c1bc7b68cd85cc2773b#d3b6371613e2470ab5680c1bc7b68cd85cc2773b"

[[patch.unused]]
name = "sgx_alloc"
version = "1.1.6"
source = "git+https://github.com/apache/incubator-teaclave-sgx-sdk?branch=v1.1.6-testing#9c1bbd52f188f600a212b57c916124245da1b7fd"

[[patch.unused]]
name = "sgx_crypto_helper"
version = "1.1.6"
source = "git+https://github.com/apache/incubator-teaclave-sgx-sdk?branch=v1.1.6-testing#9c1bbd52f188f600a212b57c916124245da1b7fd"

[[patch.unused]]
name = "sgx_libc"
version = "1.1.6"
source = "git+https://github.com/apache/incubator-teaclave-sgx-sdk?branch=v1.1.6-testing#9c1bbd52f188f600a212b57c916124245da1b7fd"

[[patch.unused]]
name = "sgx_rand"
version = "1.1.6"
source = "git+https://github.com/apache/incubator-teaclave-sgx-sdk?branch=v1.1.6-testing#9c1bbd52f188f600a212b57c916124245da1b7fd"

[[patch.unused]]
name = "sgx_serialize"
version = "1.1.6"
source = "git+https://github.com/apache/incubator-teaclave-sgx-sdk?branch=v1.1.6-testing#9c1bbd52f188f600a212b57c916124245da1b7fd"

[[patch.unused]]
name = "sgx_serialize_derive"
version = "1.1.6"
source = "git+https://github.com/apache/incubator-teaclave-sgx-sdk?branch=v1.1.6-testing#9c1bbd52f188f600a212b57c916124245da1b7fd"

[[patch.unused]]
name = "sgx_serialize_derive_internals"
version = "1.1.6"
source = "git+https://github.com/apache/incubator-teaclave-sgx-sdk?branch=v1.1.6-testing#9c1bbd52f188f600a212b57c916124245da1b7fd"

[[patch.unused]]
name = "sgx_tcrypto"
version = "1.1.6"
source = "git+https://github.com/apache/incubator-teaclave-sgx-sdk?branch=v1.1.6-testing#9c1bbd52f188f600a212b57c916124245da1b7fd"

[[patch.unused]]
name = "sgx_tcrypto_helper"
version = "1.1.6"
source = "git+https://github.com/apache/incubator-teaclave-sgx-sdk?branch=v1.1.6-testing#9c1bbd52f188f600a212b57c916124245da1b7fd"

[[patch.unused]]
name = "sgx_trts"
version = "1.1.6"
source = "git+https://github.com/apache/incubator-teaclave-sgx-sdk?branch=v1.1.6-testing#9c1bbd52f188f600a212b57c916124245da1b7fd"

[[patch.unused]]
name = "sgx_tse"
version = "1.1.6"
source = "git+https://github.com/apache/incubator-teaclave-sgx-sdk?branch=v1.1.6-testing#9c1bbd52f188f600a212b57c916124245da1b7fd"

[[patch.unused]]
name = "sgx_tseal"
version = "1.1.6"
source = "git+https://github.com/apache/incubator-teaclave-sgx-sdk?branch=v1.1.6-testing#9c1bbd52f188f600a212b57c916124245da1b7fd"

[[patch.unused]]
name = "sgx_tstd"
version = "1.1.6"
source = "git+https://github.com/apache/incubator-teaclave-sgx-sdk?branch=v1.1.6-testing#9c1bbd52f188f600a212b57c916124245da1b7fd"

[[patch.unused]]
name = "sgx_tunittest"
version = "1.1.6"
source = "git+https://github.com/apache/incubator-teaclave-sgx-sdk?branch=v1.1.6-testing#9c1bbd52f188f600a212b57c916124245da1b7fd"

[[patch.unused]]
name = "log"
version = "0.4.17"
source = "git+https://github.com/integritee-network/log-sgx#483383a9be3e2e900042eef9b6b2d0837411783f"
